
Microsoft Visual Studio Solution File, Format Version 12.00
# Visual Studio Version 16
VisualStudioVersion = 16.0.31729.503
MinimumVisualStudioVersion = 10.0.40219.1
Project("{FAE04EC0-301F-11D3-BF4B-00C04F79EFBC}") = "SERVER", "SERVER\SERVER.csproj", "{D3237C7D-E129-4789-9262-D5E6FF366641}"
EndProject
Global
	GlobalSection(SolutionConfigurationPlatforms) = preSolution
		Debug|Any CPU = Debug|Any CPU
		Release|Any CPU = Release|Any CPU
	EndGlobalSection
	GlobalSection(ProjectConfigurationPlatforms) = postSolution
		{D3237C7D-E129-4789-9262-D5E6FF366641}.Debug|Any CPU.ActiveCfg = Debug|Any CPU
		{D3237C7D-E129-4789-9262-D5E6FF366641}.Debug|Any CPU.Build.0 = Debug|Any CPU
		{D3237C7D-E129-4789-9262-D5E6FF366641}.Release|Any CPU.ActiveCfg = Release|Any CPU
		{D3237C7D-E129-4789-9262-D5E6FF366641}.Release|Any CPU.Build.0 = Release|Any CPU
	EndGlobalSection
	GlobalSection(SolutionProperties) = preSolution
		HideSolutionNode = FALSE
	EndGlobalSection
	GlobalSection(ExtensibilityGlobals) = postSolution
		SolutionGuid = {5763F792-352B-4BC3-B416-BEF326669C6E}
	EndGlobalSection
EndGlobal
